
Microsoft Visual Studio Solution File, Format Version 12.00
# Visual Studio Version 16
VisualStudioVersion = 16.0.29613.14
MinimumVisualStudioVersion = 10.0.40219.1
Project("{FAE04EC0-301F-11D3-BF4B-00C04F79EFBC}") = "Game", "Game.csproj", "{B8993861-7B0F-4D15-BB64-378825B0AAB5}"
EndProject
Global
	GlobalSection(SolutionConfigurationPlatforms) = preSolution
		Debug|Any CPU = Debug|Any CPU
		Release|Any CPU = Release|Any CPU
	EndGlobalSection
	GlobalSection(ProjectConfigurationPlatforms) = postSolution
		{B8993861-7B0F-4D15-BB64-378825B0AAB5}.Debug|Any CPU.ActiveCfg = Debug|Any CPU
		{B8993861-7B0F-4D15-BB64-378825B0AAB5}.Debug|Any CPU.Build.0 = Debug|Any CPU
		{B8993861-7B0F-4D15-BB64-378825B0AAB5}.Release|Any CPU.ActiveCfg = Release|Any CPU
		{B8993861-7B0F-4D15-BB64-378825B0AAB5}.Release|Any CPU.Build.0 = Release|Any CPU
	EndGlobalSection
	GlobalSection(SolutionProperties) = preSolution
		HideSolutionNode = FALSE
	EndGlobalSection
	GlobalSection(ExtensibilityGlobals) = postSolution
		SolutionGuid = {117B7A3C-9072-48D0-90EA-AED279E0DD5B}
	EndGlobalSection
EndGlobal
